
Microsoft Visual Studio Solution File, Format Version 12.00
# Visual Studio Version 16
VisualStudioVersion = 16.0.28917.182
MinimumVisualStudioVersion = 10.0.40219.1
Project("{2150E333-8FDC-42A3-9474-1A3956D46DE8}") = "UserSelection", "UserSelection", "{04CCD11E-B33C-495B-BF8C-454DD1828C77}"
EndProject
Project("{9A19103F-16F7-4668-BE54-9A1E7A4F7556}") = "UserSelectionWebAPI", "UserSelection\UserSelectionWebAPI\UserSelectionWebAPI.csproj", "{148ECDB7-8045-48FA-9791-2A027A32452F}"
EndProject
Project("{2150E333-8FDC-42A3-9474-1A3956D46DE8}") = "WebGatewayDLL", "WebGatewayDLL", "{C62E823E-8C36-44D0-B984-66BB5E48C4E8}"
EndProject
Project("{2150E333-8FDC-42A3-9474-1A3956D46DE8}") = "WebDemo", "WebDemo", "{066661A1-AF1A-4569-8564-7DFC842CF9CA}"
EndProject
Project("{9A19103F-16F7-4668-BE54-9A1E7A4F7556}") = "WebComponentDemo", "WebDemo\WebComponentDemo\WebComponentDemo.csproj", "{4B894F6F-B692-4F5A-9064-C052B07D6A97}"
EndProject
Project("{9A19103F-16F7-4668-BE54-9A1E7A4F7556}") = "WebComponentAPIGateway", "WebGatewayDLL\WebComponentAPIGateway\WebComponentAPIGateway.csproj", "{3C4F53BC-DE6E-4375-A30E-230318716AF1}"
EndProject
Project("{9A19103F-16F7-4668-BE54-9A1E7A4F7556}") = "WebComponentUtil", "WebGatewayDLL\WebComponentWebAPI\WebComponentUtil.csproj", "{7513FEB2-6571-4319-A519-7C557C994A2B}"
EndProject
Project("{9A19103F-16F7-4668-BE54-9A1E7A4F7556}") = "UserSelectionData", "UserSelection\UserSelectionData\UserSelectionData.csproj", "{D07F0AF7-8A02-4AA1-A135-7044086BDA06}"
EndProject
Project("{9A19103F-16F7-4668-BE54-9A1E7A4F7556}") = "WebComponentStore", "WebGatewayDLL\WebComponentStore\WebComponentStore.csproj", "{3197CF90-DC0C-4334-9717-4293E0340462}"
EndProject
Project("{9A19103F-16F7-4668-BE54-9A1E7A4F7556}") = "WebComponentData", "WebGatewayDLL\WebComponentData\WebComponentData.csproj", "{359F7FDB-B806-47E4-9743-117738E9EE20}"
EndProject
Global
	GlobalSection(SolutionConfigurationPlatforms) = preSolution
		Debug|Any CPU = Debug|Any CPU
		Release|Any CPU = Release|Any CPU
	EndGlobalSection
	GlobalSection(ProjectConfigurationPlatforms) = postSolution
		{148ECDB7-8045-48FA-9791-2A027A32452F}.Debug|Any CPU.ActiveCfg = Debug|Any CPU
		{148ECDB7-8045-48FA-9791-2A027A32452F}.Debug|Any CPU.Build.0 = Debug|Any CPU
		{148ECDB7-8045-48FA-9791-2A027A32452F}.Release|Any CPU.ActiveCfg = Release|Any CPU
		{148ECDB7-8045-48FA-9791-2A027A32452F}.Release|Any CPU.Build.0 = Release|Any CPU
		{4B894F6F-B692-4F5A-9064-C052B07D6A97}.Debug|Any CPU.ActiveCfg = Debug|Any CPU
		{4B894F6F-B692-4F5A-9064-C052B07D6A97}.Debug|Any CPU.Build.0 = Debug|Any CPU
		{4B894F6F-B692-4F5A-9064-C052B07D6A97}.Release|Any CPU.ActiveCfg = Release|Any CPU
		{4B894F6F-B692-4F5A-9064-C052B07D6A97}.Release|Any CPU.Build.0 = Release|Any CPU
		{3C4F53BC-DE6E-4375-A30E-230318716AF1}.Debug|Any CPU.ActiveCfg = Debug|Any CPU
		{3C4F53BC-DE6E-4375-A30E-230318716AF1}.Debug|Any CPU.Build.0 = Debug|Any CPU
		{3C4F53BC-DE6E-4375-A30E-230318716AF1}.Release|Any CPU.ActiveCfg = Release|Any CPU
		{3C4F53BC-DE6E-4375-A30E-230318716AF1}.Release|Any CPU.Build.0 = Release|Any CPU
		{7513FEB2-6571-4319-A519-7C557C994A2B}.Debug|Any CPU.ActiveCfg = Debug|Any CPU
		{7513FEB2-6571-4319-A519-7C557C994A2B}.Debug|Any CPU.Build.0 = Debug|Any CPU
		{7513FEB2-6571-4319-A519-7C557C994A2B}.Release|Any CPU.ActiveCfg = Release|Any CPU
		{7513FEB2-6571-4319-A519-7C557C994A2B}.Release|Any CPU.Build.0 = Release|Any CPU
		{D07F0AF7-8A02-4AA1-A135-7044086BDA06}.Debug|Any CPU.ActiveCfg = Debug|Any CPU
		{D07F0AF7-8A02-4AA1-A135-7044086BDA06}.Debug|Any CPU.Build.0 = Debug|Any CPU
		{D07F0AF7-8A02-4AA1-A135-7044086BDA06}.Release|Any CPU.ActiveCfg = Release|Any CPU
		{D07F0AF7-8A02-4AA1-A135-7044086BDA06}.Release|Any CPU.Build.0 = Release|Any CPU
		{3197CF90-DC0C-4334-9717-4293E0340462}.Debug|Any CPU.ActiveCfg = Debug|Any CPU
		{3197CF90-DC0C-4334-9717-4293E0340462}.Debug|Any CPU.Build.0 = Debug|Any CPU
		{3197CF90-DC0C-4334-9717-4293E0340462}.Release|Any CPU.ActiveCfg = Release|Any CPU
		{3197CF90-DC0C-4334-9717-4293E0340462}.Release|Any CPU.Build.0 = Release|Any CPU
		{359F7FDB-B806-47E4-9743-117738E9EE20}.Debug|Any CPU.ActiveCfg = Debug|Any CPU
		{359F7FDB-B806-47E4-9743-117738E9EE20}.Debug|Any CPU.Build.0 = Debug|Any CPU
		{359F7FDB-B806-47E4-9743-117738E9EE20}.Release|Any CPU.ActiveCfg = Release|Any CPU
		{359F7FDB-B806-47E4-9743-117738E9EE20}.Release|Any CPU.Build.0 = Release|Any CPU
	EndGlobalSection
	GlobalSection(SolutionProperties) = preSolution
		HideSolutionNode = FALSE
	EndGlobalSection
	GlobalSection(NestedProjects) = preSolution
		{148ECDB7-8045-48FA-9791-2A027A32452F} = {04CCD11E-B33C-495B-BF8C-454DD1828C77}
		{4B894F6F-B692-4F5A-9064-C052B07D6A97} = {066661A1-AF1A-4569-8564-7DFC842CF9CA}
		{3C4F53BC-DE6E-4375-A30E-230318716AF1} = {C62E823E-8C36-44D0-B984-66BB5E48C4E8}
		{7513FEB2-6571-4319-A519-7C557C994A2B} = {C62E823E-8C36-44D0-B984-66BB5E48C4E8}
		{D07F0AF7-8A02-4AA1-A135-7044086BDA06} = {04CCD11E-B33C-495B-BF8C-454DD1828C77}
		{3197CF90-DC0C-4334-9717-4293E0340462} = {C62E823E-8C36-44D0-B984-66BB5E48C4E8}
		{359F7FDB-B806-47E4-9743-117738E9EE20} = {C62E823E-8C36-44D0-B984-66BB5E48C4E8}
	EndGlobalSection
	GlobalSection(ExtensibilityGlobals) = postSolution
		SolutionGuid = {81D89D67-3A7C-47D4-9E79-9D13107F4E1B}
	EndGlobalSection
EndGlobal
